
Microsoft Visual Studio Solution File, Format Version 12.00
# Visual Studio Version 17
VisualStudioVersion = 17.14.36511.14 d17.14
MinimumVisualStudioVersion = 10.0.40219.1
Project("{FAE04EC0-301F-11D3-BF4B-00C04F79EFBC}") = "CoSeClothes", "CoSeClothes\CoSeClothes.csproj", "{6C2C0185-BCC9-4BAC-B395-73D32B787AB2}"
EndProject
Global
	GlobalSection(SolutionConfigurationPlatforms) = preSolution
		Debug|Any CPU = Debug|Any CPU
		Release|Any CPU = Release|Any CPU
	EndGlobalSection
	GlobalSection(ProjectConfigurationPlatforms) = postSolution
		{6C2C0185-BCC9-4BAC-B395-73D32B787AB2}.Debug|Any CPU.ActiveCfg = Debug|Any CPU
		{6C2C0185-BCC9-4BAC-B395-73D32B787AB2}.Debug|Any CPU.Build.0 = Debug|Any CPU
		{6C2C0185-BCC9-4BAC-B395-73D32B787AB2}.Release|Any CPU.ActiveCfg = Release|Any CPU
		{6C2C0185-BCC9-4BAC-B395-73D32B787AB2}.Release|Any CPU.Build.0 = Release|Any CPU
	EndGlobalSection
	GlobalSection(SolutionProperties) = preSolution
		HideSolutionNode = FALSE
	EndGlobalSection
	GlobalSection(ExtensibilityGlobals) = postSolution
		SolutionGuid = {40A0D08B-39F3-4537-B886-B40D5226D918}
	EndGlobalSection
EndGlobal
